
Microsoft Visual Studio Solution File, Format Version 12.00
# Visual Studio 15
VisualStudioVersion = 15.0.26124.0
MinimumVisualStudioVersion = 15.0.26124.0
Project("{2150E333-8FDC-42A3-9474-1A3956D46DE8}") = "src", "src", "{D3FDD919-287D-49FE-A21D-28911027569D}"
EndProject
Project("{FAE04EC0-301F-11D3-BF4B-00C04F79EFBC}") = "NUV.Comics.Api", "src\NUV.Comics.Api\NUV.Comics.Api.csproj", "{02B257A5-41E7-4DBC-A1AE-83B04C84ED8F}"
EndProject
Project("{FAE04EC0-301F-11D3-BF4B-00C04F79EFBC}") = "NUV.Comics.Infra.Data", "src\NUV.Comics.Infra.Data\NUV.Comics.Infra.Data.csproj", "{F01B1F15-DE82-4FE1-80A7-9E083B450D41}"
EndProject
Project("{FAE04EC0-301F-11D3-BF4B-00C04F79EFBC}") = "NUV.Comics.Infra.IoC", "src\NUV.Comics.Infra.IoC\NUV.Comics.Infra.IoC.csproj", "{C2BFE083-7FF2-41F7-A070-3580ED21D0B4}"
EndProject
Project("{FAE04EC0-301F-11D3-BF4B-00C04F79EFBC}") = "NUV.Comics.Infra.Data.Db2", "src\NUV.Comics.Infra.Data.Db2\NUV.Comics.Infra.Data.Db2.csproj", "{DBB5E207-AB98-444C-AA1C-9AED08ACF018}"
EndProject
Project("{FAE04EC0-301F-11D3-BF4B-00C04F79EFBC}") = "NUV.Comics.Infra.Data.Sql", "src\NUV.Comics.Infra.Data.Sql\NUV.Comics.Infra.Data.Sql.csproj", "{305B6A38-1768-4247-B8F9-CC6C63F4EA3E}"
EndProject
Global
	GlobalSection(SolutionConfigurationPlatforms) = preSolution
		Debug|Any CPU = Debug|Any CPU
		Debug|x64 = Debug|x64
		Debug|x86 = Debug|x86
		Release|Any CPU = Release|Any CPU
		Release|x64 = Release|x64
		Release|x86 = Release|x86
	EndGlobalSection
	GlobalSection(SolutionProperties) = preSolution
		HideSolutionNode = FALSE
	EndGlobalSection
	GlobalSection(ProjectConfigurationPlatforms) = postSolution
		{02B257A5-41E7-4DBC-A1AE-83B04C84ED8F}.Debug|Any CPU.ActiveCfg = Debug|Any CPU
		{02B257A5-41E7-4DBC-A1AE-83B04C84ED8F}.Debug|Any CPU.Build.0 = Debug|Any CPU
		{02B257A5-41E7-4DBC-A1AE-83B04C84ED8F}.Debug|x64.ActiveCfg = Debug|Any CPU
		{02B257A5-41E7-4DBC-A1AE-83B04C84ED8F}.Debug|x64.Build.0 = Debug|Any CPU
		{02B257A5-41E7-4DBC-A1AE-83B04C84ED8F}.Debug|x86.ActiveCfg = Debug|Any CPU
		{02B257A5-41E7-4DBC-A1AE-83B04C84ED8F}.Debug|x86.Build.0 = Debug|Any CPU
		{02B257A5-41E7-4DBC-A1AE-83B04C84ED8F}.Release|Any CPU.ActiveCfg = Release|Any CPU
		{02B257A5-41E7-4DBC-A1AE-83B04C84ED8F}.Release|Any CPU.Build.0 = Release|Any CPU
		{02B257A5-41E7-4DBC-A1AE-83B04C84ED8F}.Release|x64.ActiveCfg = Release|Any CPU
		{02B257A5-41E7-4DBC-A1AE-83B04C84ED8F}.Release|x64.Build.0 = Release|Any CPU
		{02B257A5-41E7-4DBC-A1AE-83B04C84ED8F}.Release|x86.ActiveCfg = Release|Any CPU
		{02B257A5-41E7-4DBC-A1AE-83B04C84ED8F}.Release|x86.Build.0 = Release|Any CPU
		{F01B1F15-DE82-4FE1-80A7-9E083B450D41}.Debug|Any CPU.ActiveCfg = Debug|Any CPU
		{F01B1F15-DE82-4FE1-80A7-9E083B450D41}.Debug|Any CPU.Build.0 = Debug|Any CPU
		{F01B1F15-DE82-4FE1-80A7-9E083B450D41}.Debug|x64.ActiveCfg = Debug|Any CPU
		{F01B1F15-DE82-4FE1-80A7-9E083B450D41}.Debug|x64.Build.0 = Debug|Any CPU
		{F01B1F15-DE82-4FE1-80A7-9E083B450D41}.Debug|x86.ActiveCfg = Debug|Any CPU
		{F01B1F15-DE82-4FE1-80A7-9E083B450D41}.Debug|x86.Build.0 = Debug|Any CPU
		{F01B1F15-DE82-4FE1-80A7-9E083B450D41}.Release|Any CPU.ActiveCfg = Release|Any CPU
		{F01B1F15-DE82-4FE1-80A7-9E083B450D41}.Release|Any CPU.Build.0 = Release|Any CPU
		{F01B1F15-DE82-4FE1-80A7-9E083B450D41}.Release|x64.ActiveCfg = Release|Any CPU
		{F01B1F15-DE82-4FE1-80A7-9E083B450D41}.Release|x64.Build.0 = Release|Any CPU
		{F01B1F15-DE82-4FE1-80A7-9E083B450D41}.Release|x86.ActiveCfg = Release|Any CPU
		{F01B1F15-DE82-4FE1-80A7-9E083B450D41}.Release|x86.Build.0 = Release|Any CPU
		{C2BFE083-7FF2-41F7-A070-3580ED21D0B4}.Debug|Any CPU.ActiveCfg = Debug|Any CPU
		{C2BFE083-7FF2-41F7-A070-3580ED21D0B4}.Debug|Any CPU.Build.0 = Debug|Any CPU
		{C2BFE083-7FF2-41F7-A070-3580ED21D0B4}.Debug|x64.ActiveCfg = Debug|Any CPU
		{C2BFE083-7FF2-41F7-A070-3580ED21D0B4}.Debug|x64.Build.0 = Debug|Any CPU
		{C2BFE083-7FF2-41F7-A070-3580ED21D0B4}.Debug|x86.ActiveCfg = Debug|Any CPU
		{C2BFE083-7FF2-41F7-A070-3580ED21D0B4}.Debug|x86.Build.0 = Debug|Any CPU
		{C2BFE083-7FF2-41F7-A070-3580ED21D0B4}.Release|Any CPU.ActiveCfg = Release|Any CPU
		{C2BFE083-7FF2-41F7-A070-3580ED21D0B4}.Release|Any CPU.Build.0 = Release|Any CPU
		{C2BFE083-7FF2-41F7-A070-3580ED21D0B4}.Release|x64.ActiveCfg = Release|Any CPU
		{C2BFE083-7FF2-41F7-A070-3580ED21D0B4}.Release|x64.Build.0 = Release|Any CPU
		{C2BFE083-7FF2-41F7-A070-3580ED21D0B4}.Release|x86.ActiveCfg = Release|Any CPU
		{C2BFE083-7FF2-41F7-A070-3580ED21D0B4}.Release|x86.Build.0 = Release|Any CPU
		{DBB5E207-AB98-444C-AA1C-9AED08ACF018}.Debug|Any CPU.ActiveCfg = Debug|Any CPU
		{DBB5E207-AB98-444C-AA1C-9AED08ACF018}.Debug|Any CPU.Build.0 = Debug|Any CPU
		{DBB5E207-AB98-444C-AA1C-9AED08ACF018}.Debug|x64.ActiveCfg = Debug|Any CPU
		{DBB5E207-AB98-444C-AA1C-9AED08ACF018}.Debug|x64.Build.0 = Debug|Any CPU
		{DBB5E207-AB98-444C-AA1C-9AED08ACF018}.Debug|x86.ActiveCfg = Debug|Any CPU
		{DBB5E207-AB98-444C-AA1C-9AED08ACF018}.Debug|x86.Build.0 = Debug|Any CPU
		{DBB5E207-AB98-444C-AA1C-9AED08ACF018}.Release|Any CPU.ActiveCfg = Release|Any CPU
		{DBB5E207-AB98-444C-AA1C-9AED08ACF018}.Release|Any CPU.Build.0 = Release|Any CPU
		{DBB5E207-AB98-444C-AA1C-9AED08ACF018}.Release|x64.ActiveCfg = Release|Any CPU
		{DBB5E207-AB98-444C-AA1C-9AED08ACF018}.Release|x64.Build.0 = Release|Any CPU
		{DBB5E207-AB98-444C-AA1C-9AED08ACF018}.Release|x86.ActiveCfg = Release|Any CPU
		{DBB5E207-AB98-444C-AA1C-9AED08ACF018}.Release|x86.Build.0 = Release|Any CPU
		{305B6A38-1768-4247-B8F9-CC6C63F4EA3E}.Debug|Any CPU.ActiveCfg = Debug|Any CPU
		{305B6A38-1768-4247-B8F9-CC6C63F4EA3E}.Debug|Any CPU.Build.0 = Debug|Any CPU
		{305B6A38-1768-4247-B8F9-CC6C63F4EA3E}.Debug|x64.ActiveCfg = Debug|Any CPU
		{305B6A38-1768-4247-B8F9-CC6C63F4EA3E}.Debug|x64.Build.0 = Debug|Any CPU
		{305B6A38-1768-4247-B8F9-CC6C63F4EA3E}.Debug|x86.ActiveCfg = Debug|Any CPU
		{305B6A38-1768-4247-B8F9-CC6C63F4EA3E}.Debug|x86.Build.0 = Debug|Any CPU
		{305B6A38-1768-4247-B8F9-CC6C63F4EA3E}.Release|Any CPU.ActiveCfg = Release|Any CPU
		{305B6A38-1768-4247-B8F9-CC6C63F4EA3E}.Release|Any CPU.Build.0 = Release|Any CPU
		{305B6A38-1768-4247-B8F9-CC6C63F4EA3E}.Release|x64.ActiveCfg = Release|Any CPU
		{305B6A38-1768-4247-B8F9-CC6C63F4EA3E}.Release|x64.Build.0 = Release|Any CPU
		{305B6A38-1768-4247-B8F9-CC6C63F4EA3E}.Release|x86.ActiveCfg = Release|Any CPU
		{305B6A38-1768-4247-B8F9-CC6C63F4EA3E}.Release|x86.Build.0 = Release|Any CPU
	EndGlobalSection
	GlobalSection(NestedProjects) = preSolution
		{02B257A5-41E7-4DBC-A1AE-83B04C84ED8F} = {D3FDD919-287D-49FE-A21D-28911027569D}
		{F01B1F15-DE82-4FE1-80A7-9E083B450D41} = {D3FDD919-287D-49FE-A21D-28911027569D}
		{C2BFE083-7FF2-41F7-A070-3580ED21D0B4} = {D3FDD919-287D-49FE-A21D-28911027569D}
		{DBB5E207-AB98-444C-AA1C-9AED08ACF018} = {D3FDD919-287D-49FE-A21D-28911027569D}
		{305B6A38-1768-4247-B8F9-CC6C63F4EA3E} = {D3FDD919-287D-49FE-A21D-28911027569D}
	EndGlobalSection
EndGlobal
